
Microsoft Visual Studio Solution File, Format Version 12.00
# Visual Studio Version 16
VisualStudioVersion = 16.0.29215.179
MinimumVisualStudioVersion = 10.0.40219.1
Project("{FAE04EC0-301F-11D3-BF4B-00C04F79EFBC}") = "SerjTm.Lifehack.Chat.Server", "SerjTm.Lifehack.Chat.Server\SerjTm.Lifehack.Chat.Server.csproj", "{C7F499D6-4096-4D12-BF75-20D5ADCC866B}"
EndProject
Project("{FAE04EC0-301F-11D3-BF4B-00C04F79EFBC}") = "SerjTm.Lifehack.Chat.Client", "SerjTm.Lifehack.Chat.Client\SerjTm.Lifehack.Chat.Client.csproj", "{536116A3-1C0A-468E-9EB7-70F61AFCF63A}"
EndProject
Global
	GlobalSection(SolutionConfigurationPlatforms) = preSolution
		Debug|Any CPU = Debug|Any CPU
		Release|Any CPU = Release|Any CPU
	EndGlobalSection
	GlobalSection(ProjectConfigurationPlatforms) = postSolution
		{C7F499D6-4096-4D12-BF75-20D5ADCC866B}.Debug|Any CPU.ActiveCfg = Debug|Any CPU
		{C7F499D6-4096-4D12-BF75-20D5ADCC866B}.Debug|Any CPU.Build.0 = Debug|Any CPU
		{C7F499D6-4096-4D12-BF75-20D5ADCC866B}.Release|Any CPU.ActiveCfg = Release|Any CPU
		{C7F499D6-4096-4D12-BF75-20D5ADCC866B}.Release|Any CPU.Build.0 = Release|Any CPU
		{536116A3-1C0A-468E-9EB7-70F61AFCF63A}.Debug|Any CPU.ActiveCfg = Debug|Any CPU
		{536116A3-1C0A-468E-9EB7-70F61AFCF63A}.Debug|Any CPU.Build.0 = Debug|Any CPU
		{536116A3-1C0A-468E-9EB7-70F61AFCF63A}.Release|Any CPU.ActiveCfg = Release|Any CPU
		{536116A3-1C0A-468E-9EB7-70F61AFCF63A}.Release|Any CPU.Build.0 = Release|Any CPU
	EndGlobalSection
	GlobalSection(SolutionProperties) = preSolution
		HideSolutionNode = FALSE
	EndGlobalSection
	GlobalSection(ExtensibilityGlobals) = postSolution
		SolutionGuid = {CBBA78EF-9955-4153-945C-2A5970EB187A}
	EndGlobalSection
EndGlobal
